// !$*UTF8*$!
{
	archiveVersion = 1;
	classes = {
	};
	objectVersion = 46;
	objects = {

/* Begin PBXBuildFile section */
		3176A51B1BDE811F00060DE6 /* Generator.cpp in Sources */ = {isa = PBXBuildFile; fileRef = 3176A5111BDE811F00060DE6 /* Generator.cpp */; settings = {ASSET_TAGS = (); }; };
		3176A51C1BDE811F00060DE6 /* Particle.cpp in Sources */ = {isa = PBXBuildFile; fileRef = 3176A5131BDE811F00060DE6 /* Particle.cpp */; settings = {ASSET_TAGS = (); }; };
		3176A51D1BDE811F00060DE6 /* ParticleSys.cpp in Sources */ = {isa = PBXBuildFile; fileRef = 3176A5151BDE811F00060DE6 /* ParticleSys.cpp */; settings = {ASSET_TAGS = (); }; };
		3176A51E1BDE811F00060DE6 /* Utility.cpp in Sources */ = {isa = PBXBuildFile; fileRef = 3176A5171BDE811F00060DE6 /* Utility.cpp */; settings = {ASSET_TAGS = (); }; };
		3176A51F1BDE811F00060DE6 /* Vector.cpp in Sources */ = {isa = PBXBuildFile; fileRef = 3176A5191BDE811F00060DE6 /* Vector.cpp */; settings = {ASSET_TAGS = (); }; };
		3176A5221BDFE79E00060DE6 /* Spring.cpp in Sources */ = {isa = PBXBuildFile; fileRef = 3176A5201BDFE79E00060DE6 /* Spring.cpp */; settings = {ASSET_TAGS = (); }; };
		31CD021C1BBCA3FE00CDD76E /* GLUT.framework in Frameworks */ = {isa = PBXBuildFile; fileRef = 31CD021A1BBCA3FE00CDD76E /* GLUT.framework */; };
		31CD021D1BBCA3FE00CDD76E /* OpenGL.framework in Frameworks */ = {isa = PBXBuildFile; fileRef = 31CD021B1BBCA3FE00CDD76E /* OpenGL.framework */; };
/* End PBXBuildFile section */

/* Begin PBXCopyFilesBuildPhase section */
		31CD02031BBC9E9900CDD76E /* CopyFiles */ = {
			isa = PBXCopyFilesBuildPhase;
			buildActionMask = 2147483647;
			dstPath = /usr/share/man/man1/;
			dstSubfolderSpec = 0;
			files = (
			);
			runOnlyForDeploymentPostprocessing = 1;
		};
/* End PBXCopyFilesBuildPhase section */

/* Begin PBXFileReference section */
		3176A5111BDE811F00060DE6 /* Generator.cpp */ = {isa = PBXFileReference; fileEncoding = 4; lastKnownFileType = sourcecode.cpp.cpp; path = Generator.cpp; sourceTree = SOURCE_ROOT; };
		3176A5121BDE811F00060DE6 /* Generator.h */ = {isa = PBXFileReference; fileEncoding = 4; lastKnownFileType = sourcecode.c.h; path = Generator.h; sourceTree = SOURCE_ROOT; };
		3176A5131BDE811F00060DE6 /* Particle.cpp */ = {isa = PBXFileReference; fileEncoding = 4; lastKnownFileType = sourcecode.cpp.cpp; path = Particle.cpp; sourceTree = SOURCE_ROOT; };
		3176A5141BDE811F00060DE6 /* Particle.h */ = {isa = PBXFileReference; fileEncoding = 4; lastKnownFileType = sourcecode.c.h; path = Particle.h; sourceTree = SOURCE_ROOT; };
		3176A5151BDE811F00060DE6 /* ParticleSys.cpp */ = {isa = PBXFileReference; fileEncoding = 4; lastKnownFileType = sourcecode.cpp.cpp; path = ParticleSys.cpp; sourceTree = SOURCE_ROOT; };
		3176A5161BDE811F00060DE6 /* ReadMe */ = {isa = PBXFileReference; fileEncoding = 4; lastKnownFileType = text; path = ReadMe; sourceTree = SOURCE_ROOT; };
		3176A5171BDE811F00060DE6 /* Utility.cpp */ = {isa = PBXFileReference; fileEncoding = 4; lastKnownFileType = sourcecode.cpp.cpp; path = Utility.cpp; sourceTree = SOURCE_ROOT; };
		3176A5181BDE811F00060DE6 /* Utility.h */ = {isa = PBXFileReference; fileEncoding = 4; lastKnownFileType = sourcecode.c.h; path = Utility.h; sourceTree = SOURCE_ROOT; };
		3176A5191BDE811F00060DE6 /* Vector.cpp */ = {isa = PBXFileReference; fileEncoding = 4; lastKnownFileType = sourcecode.cpp.cpp; path = Vector.cpp; sourceTree = SOURCE_ROOT; };
		3176A51A1BDE811F00060DE6 /* Vector.h */ = {isa = PBXFileReference; fileEncoding = 4; lastKnownFileType = sourcecode.c.h; path = Vector.h; sourceTree = SOURCE_ROOT; };
		3176A5201BDFE79E00060DE6 /* Spring.cpp */ = {isa = PBXFileReference; fileEncoding = 4; lastKnownFileType = sourcecode.cpp.cpp; path = Spring.cpp; sourceTree = SOURCE_ROOT; };
		3176A5211BDFE79E00060DE6 /* Spring.h */ = {isa = PBXFileReference; fileEncoding = 4; lastKnownFileType = sourcecode.c.h; path = Spring.h; sourceTree = SOURCE_ROOT; };
		31CD02051BBC9E9900CDD76E /* Springy */ = {isa = PBXFileReference; explicitFileType = "compiled.mach-o.executable"; includeInIndex = 0; path = Springy; sourceTree = BUILT_PRODUCTS_DIR; };
		31CD021A1BBCA3FE00CDD76E /* GLUT.framework */ = {isa = PBXFileReference; lastKnownFileType = wrapper.framework; name = GLUT.framework; path = System/Library/Frameworks/GLUT.framework; sourceTree = SDKROOT; };
		31CD021B1BBCA3FE00CDD76E /* OpenGL.framework */ = {isa = PBXFileReference; lastKnownFileType = wrapper.framework; name = OpenGL.framework; path = System/Library/Frameworks/OpenGL.framework; sourceTree = SDKROOT; };
/* End PBXFileReference section */

/* Begin PBXFrameworksBuildPhase section */
		31CD02021BBC9E9900CDD76E /* Frameworks */ = {
			isa = PBXFrameworksBuildPhase;
			buildActionMask = 2147483647;
			files = (
				31CD021C1BBCA3FE00CDD76E /* GLUT.framework in Frameworks */,
				31CD021D1BBCA3FE00CDD76E /* OpenGL.framework in Frameworks */,
			);
			runOnlyForDeploymentPostprocessing = 0;
		};
/* End PBXFrameworksBuildPhase section */

/* Begin PBXGroup section */
		31CD01FC1BBC9E9900CDD76E = {
			isa = PBXGroup;
			children = (
				31CD021A1BBCA3FE00CDD76E /* GLUT.framework */,
				31CD021B1BBCA3FE00CDD76E /* OpenGL.framework */,
				31CD02071BBC9E9900CDD76E /* Springy */,
				31CD02061BBC9E9900CDD76E /* Products */,
			);
			sourceTree = "<group>";
		};
		31CD02061BBC9E9900CDD76E /* Products */ = {
			isa = PBXGroup;
			children = (
				31CD02051BBC9E9900CDD76E /* Springy */,
			);
			name = Products;
			sourceTree = "<group>";
		};
		31CD02071BBC9E9900CDD76E /* Springy */ = {
			isa = PBXGroup;
			children = (
				3176A5111BDE811F00060DE6 /* Generator.cpp */,
				3176A5121BDE811F00060DE6 /* Generator.h */,
				3176A5131BDE811F00060DE6 /* Particle.cpp */,
				3176A5141BDE811F00060DE6 /* Particle.h */,
				3176A5151BDE811F00060DE6 /* ParticleSys.cpp */,
				3176A5161BDE811F00060DE6 /* ReadMe */,
				3176A5171BDE811F00060DE6 /* Utility.cpp */,
				3176A5181BDE811F00060DE6 /* Utility.h */,
				3176A5191BDE811F00060DE6 /* Vector.cpp */,
				3176A51A1BDE811F00060DE6 /* Vector.h */,
				3176A5201BDFE79E00060DE6 /* Spring.cpp */,
				3176A5211BDFE79E00060DE6 /* Spring.h */,
			);
			name = Springy;
			path = ParticleSys;
			sourceTree = "<group>";
		};
/* End PBXGroup section */

/* Begin PBXNativeTarget section */
		31CD02041BBC9E9900CDD76E /* Springy */ = {
			isa = PBXNativeTarget;
			buildConfigurationList = 31CD020C1BBC9E9900CDD76E /* Build configuration list for PBXNativeTarget "Springy" */;
			buildPhases = (
				31CD02011BBC9E9900CDD76E /* Sources */,
				31CD02021BBC9E9900CDD76E /* Frameworks */,
				31CD02031BBC9E9900CDD76E /* CopyFiles */,
			);
			buildRules = (
			);
			dependencies = (
			);
			name = Springy;
			productName = ParticleSys;
			productReference = 31CD02051BBC9E9900CDD76E /* Springy */;
			productType = "com.apple.product-type.tool";
		};
/* End PBXNativeTarget section */

/* Begin PBXProject section */
		31CD01FD1BBC9E9900CDD76E /* Project object */ = {
			isa = PBXProject;
			attributes = {
				LastUpgradeCheck = 0700;
				ORGANIZATIONNAME = "Radhika Hansraj Dhaipule";
				TargetAttributes = {
					31CD02041BBC9E9900CDD76E = {
						CreatedOnToolsVersion = 7.0;
					};
				};
			};
			buildConfigurationList = 31CD02001BBC9E9900CDD76E /* Build configuration list for PBXProject "Springy" */;
			compatibilityVersion = "Xcode 3.2";
			developmentRegion = English;
			hasScannedForEncodings = 0;
			knownRegions = (
				en,
			);
			mainGroup = 31CD01FC1BBC9E9900CDD76E;
			productRefGroup = 31CD02061BBC9E9900CDD76E /* Products */;
			projectDirPath = "";
			projectRoot = "";
			targets = (
				31CD02041BBC9E9900CDD76E /* Springy */,
			);
		};
/* End PBXProject section */

/* Begin PBXSourcesBuildPhase section */
		31CD02011BBC9E9900CDD76E /* Sources */ = {
			isa = PBXSourcesBuildPhase;
			buildActionMask = 2147483647;
			files = (
				3176A5221BDFE79E00060DE6 /* Spring.cpp in Sources */,
				3176A51E1BDE811F00060DE6 /* Utility.cpp in Sources */,
				3176A51B1BDE811F00060DE6 /* Generator.cpp in Sources */,
				3176A51F1BDE811F00060DE6 /* Vector.cpp in Sources */,
				3176A51D1BDE811F00060DE6 /* ParticleSys.cpp in Sources */,
				3176A51C1BDE811F00060DE6 /* Particle.cpp in Sources */,
			);
			runOnlyForDeploymentPostprocessing = 0;
		};
/* End PBXSourcesBuildPhase section */

/* Begin XCBuildConfiguration section */
		31CD020A1BBC9E9900CDD76E /* Debug */ = {
			isa = XCBuildConfiguration;
			buildSettings = {
				ALWAYS_SEARCH_USER_PATHS = NO;
				CLANG_CXX_LANGUAGE_STANDARD = "gnu++0x";
				CLANG_CXX_LIBRARY = "libc++";
				CLANG_ENABLE_MODULES = YES;
				CLANG_ENABLE_OBJC_ARC = YES;
				CLANG_WARN_BOOL_CONVERSION = YES;
				CLANG_WARN_CONSTANT_CONVERSION = YES;
				CLANG_WARN_DIRECT_OBJC_ISA_USAGE = YES_ERROR;
				CLANG_WARN_EMPTY_BODY = YES;
				CLANG_WARN_ENUM_CONVERSION = YES;
				CLANG_WARN_INT_CONVERSION = YES;
				CLANG_WARN_OBJC_ROOT_CLASS = YES_ERROR;
				CLANG_WARN_UNREACHABLE_CODE = YES;
				CLANG_WARN__DUPLICATE_METHOD_MATCH = YES;
				COPY_PHASE_STRIP = NO;
				DEBUG_INFORMATION_FORMAT = dwarf;
				ENABLE_STRICT_OBJC_MSGSEND = YES;
				ENABLE_TESTABILITY = YES;
				GCC_C_LANGUAGE_STANDARD = gnu99;
				GCC_DYNAMIC_NO_PIC = NO;
				GCC_NO_COMMON_BLOCKS = YES;
				GCC_OPTIMIZATION_LEVEL = 0;
				GCC_PREPROCESSOR_DEFINITIONS = (
					"DEBUG=1",
					"$(inherited)",
				);
				GCC_WARN_64_TO_32_BIT_CONVERSION = YES;
				GCC_WARN_ABOUT_RETURN_TYPE = YES_ERROR;
				GCC_WARN_UNDECLARED_SELECTOR = YES;
				GCC_WARN_UNINITIALIZED_AUTOS = YES_AGGRESSIVE;
				GCC_WARN_UNUSED_FUNCTION = YES;
				GCC_WARN_UNUSED_VARIABLE = YES;
				MACOSX_DEPLOYMENT_TARGET = 10.10;
				MTL_ENABLE_DEBUG_INFO = YES;
				ONLY_ACTIVE_ARCH = YES;
				SDKROOT = macosx;
			};
			name = Debug;
		};
		31CD020B1BBC9E9900CDD76E /* Release */ = {
			isa = XCBuildConfiguration;
			buildSettings = {
				ALWAYS_SEARCH_USER_PATHS = NO;
				CLANG_CXX_LANGUAGE_STANDARD = "gnu++0x";
				CLANG_CXX_LIBRARY = "libc++";
				CLANG_ENABLE_MODULES = YES;
				CLANG_ENABLE_OBJC_ARC = YES;
				CLANG_WARN_BOOL_CONVERSION = YES;
				CLANG_WARN_CONSTANT_CONVERSION = YES;
				CLANG_WARN_DIRECT_OBJC_ISA_USAGE = YES_ERROR;
				CLANG_WARN_EMPTY_BODY = YES;
				CLANG_WARN_ENUM_CONVERSION = YES;
				CLANG_WARN_INT_CONVERSION = YES;
				CLANG_WARN_OBJC_ROOT_CLASS = YES_ERROR;
				CLANG_WARN_UNREACHABLE_CODE = YES;
				CLANG_WARN__DUPLICATE_METHOD_MATCH = YES;
				COPY_PHASE_STRIP = NO;
				DEBUG_INFORMATION_FORMAT = "dwarf-with-dsym";
				ENABLE_NS_ASSERTIONS = NO;
				ENABLE_STRICT_OBJC_MSGSEND = YES;
				GCC_C_LANGUAGE_STANDARD = gnu99;
				GCC_NO_COMMON_BLOCKS = YES;
				GCC_WARN_64_TO_32_BIT_CONVERSION = YES;
				GCC_WARN_ABOUT_RETURN_TYPE = YES_ERROR;
				GCC_WARN_UNDECLARED_SELECTOR = YES;
				GCC_WARN_UNINITIALIZED_AUTOS = YES_AGGRESSIVE;
				GCC_WARN_UNUSED_FUNCTION = YES;
				GCC_WARN_UNUSED_VARIABLE = YES;
				MACOSX_DEPLOYMENT_TARGET = 10.10;
				MTL_ENABLE_DEBUG_INFO = NO;
				SDKROOT = macosx;
			};
			name = Release;
		};
		31CD020D1BBC9E9900CDD76E /* Debug */ = {
			isa = XCBuildConfiguration;
			buildSettings = {
				GCC_WARN_ABOUT_DEPRECATED_FUNCTIONS = NO;
				PRODUCT_NAME = Springy;
			};
			name = Debug;
		};
		31CD020E1BBC9E9900CDD76E /* Release */ = {
			isa = XCBuildConfiguration;
			buildSettings = {
				GCC_WARN_ABOUT_DEPRECATED_FUNCTIONS = NO;
				PRODUCT_NAME = Springy;
			};
			name = Release;
		};
/* End XCBuildConfiguration section */

/* Begin XCConfigurationList section */
		31CD02001BBC9E9900CDD76E /* Build configuration list for PBXProject "Springy" */ = {
			isa = XCConfigurationList;
			buildConfigurations = (
				31CD020A1BBC9E9900CDD76E /* Debug */,
				31CD020B1BBC9E9900CDD76E /* Release */,
			);
			defaultConfigurationIsVisible = 0;
			defaultConfigurationName = Release;
		};
		31CD020C1BBC9E9900CDD76E /* Build configuration list for PBXNativeTarget "Springy" */ = {
			isa = XCConfigurationList;
			buildConfigurations = (
				31CD020D1BBC9E9900CDD76E /* Debug */,
				31CD020E1BBC9E9900CDD76E /* Release */,
			);
			defaultConfigurationIsVisible = 0;
			defaultConfigurationName = Release;
		};
/* End XCConfigurationList section */
	};
	rootObject = 31CD01FD1BBC9E9900CDD76E /* Project object */;
}
